
Microsoft Visual Studio Solution File, Format Version 12.00
# Visual Studio Version 17
VisualStudioVersion = 17.5.33627.172
MinimumVisualStudioVersion = 10.0.40219.1
Project("{FAE04EC0-301F-11D3-BF4B-00C04F79EFBC}") = "task3", "task3.csproj", "{295E71ED-F916-4519-BF0E-4C4FA83469FE}"
EndProject
Global
	GlobalSection(SolutionConfigurationPlatforms) = preSolution
		Debug|Any CPU = Debug|Any CPU
		Release|Any CPU = Release|Any CPU
	EndGlobalSection
	GlobalSection(ProjectConfigurationPlatforms) = postSolution
		{295E71ED-F916-4519-BF0E-4C4FA83469FE}.Debug|Any CPU.ActiveCfg = Debug|Any CPU
		{295E71ED-F916-4519-BF0E-4C4FA83469FE}.Debug|Any CPU.Build.0 = Debug|Any CPU
		{295E71ED-F916-4519-BF0E-4C4FA83469FE}.Release|Any CPU.ActiveCfg = Release|Any CPU
		{295E71ED-F916-4519-BF0E-4C4FA83469FE}.Release|Any CPU.Build.0 = Release|Any CPU
	EndGlobalSection
	GlobalSection(SolutionProperties) = preSolution
		HideSolutionNode = FALSE
	EndGlobalSection
	GlobalSection(ExtensibilityGlobals) = postSolution
		SolutionGuid = {B8CC2FD2-6E9D-4EF0-BA69-CB3ABF08F37E}
	EndGlobalSection
EndGlobal
